
Microsoft Visual Studio Solution File, Format Version 12.00
# Visual Studio 15
Project("{FAE04EC0-301F-11D3-BF4B-00C04F79EFBC}") = "Parqueadero.Core", "Parqueadero.Core\Parqueadero.Core.csproj", "{978E08CE-7EA5-4F0A-9F37-81ECE7B79669}"
EndProject
Project("{FAE04EC0-301F-11D3-BF4B-00C04F79EFBC}") = "Parqueadero.Droid", "Parqueadero.Droid\Parqueadero.Droid.csproj", "{3D0DD129-6C04-479D-8143-97DA1BB15FCE}"
EndProject
Global
	GlobalSection(SolutionConfigurationPlatforms) = preSolution
		Debug|Any CPU = Debug|Any CPU
		Release|Any CPU = Release|Any CPU
	EndGlobalSection
	GlobalSection(ProjectConfigurationPlatforms) = postSolution
		{978E08CE-7EA5-4F0A-9F37-81ECE7B79669}.Debug|Any CPU.ActiveCfg = Debug|Any CPU
		{978E08CE-7EA5-4F0A-9F37-81ECE7B79669}.Debug|Any CPU.Build.0 = Debug|Any CPU
		{978E08CE-7EA5-4F0A-9F37-81ECE7B79669}.Release|Any CPU.ActiveCfg = Release|Any CPU
		{978E08CE-7EA5-4F0A-9F37-81ECE7B79669}.Release|Any CPU.Build.0 = Release|Any CPU
		{3D0DD129-6C04-479D-8143-97DA1BB15FCE}.Debug|Any CPU.ActiveCfg = Debug|Any CPU
		{3D0DD129-6C04-479D-8143-97DA1BB15FCE}.Debug|Any CPU.Build.0 = Debug|Any CPU
		{3D0DD129-6C04-479D-8143-97DA1BB15FCE}.Release|Any CPU.ActiveCfg = Release|Any CPU
		{3D0DD129-6C04-479D-8143-97DA1BB15FCE}.Release|Any CPU.Build.0 = Release|Any CPU
	EndGlobalSection
EndGlobal
